
Microsoft Visual Studio Solution File, Format Version 12.00
# Visual Studio Version 17
VisualStudioVersion = 17.10.35013.160
MinimumVisualStudioVersion = 10.0.40219.1
Project("{FAE04EC0-301F-11D3-BF4B-00C04F79EFBC}") = "Crop To Search", "Crop To Search.csproj", "{D5C5410D-4513-4BCD-84FC-30A2A7DC01BF}"
EndProject
Global
	GlobalSection(SolutionConfigurationPlatforms) = preSolution
		Debug|Any CPU = Debug|Any CPU
		Release|Any CPU = Release|Any CPU
	EndGlobalSection
	GlobalSection(ProjectConfigurationPlatforms) = postSolution
		{D5C5410D-4513-4BCD-84FC-30A2A7DC01BF}.Debug|Any CPU.ActiveCfg = Debug|Any CPU
		{D5C5410D-4513-4BCD-84FC-30A2A7DC01BF}.Debug|Any CPU.Build.0 = Debug|Any CPU
		{D5C5410D-4513-4BCD-84FC-30A2A7DC01BF}.Release|Any CPU.ActiveCfg = Release|Any CPU
		{D5C5410D-4513-4BCD-84FC-30A2A7DC01BF}.Release|Any CPU.Build.0 = Release|Any CPU
	EndGlobalSection
	GlobalSection(SolutionProperties) = preSolution
		HideSolutionNode = FALSE
	EndGlobalSection
	GlobalSection(ExtensibilityGlobals) = postSolution
		SolutionGuid = {5CB5FA86-26C6-432B-967F-290DDC0629F6}
	EndGlobalSection
EndGlobal
